
Microsoft Visual Studio Solution File, Format Version 12.00
# Visual Studio Version 17
VisualStudioVersion = 17.7.34202.233
MinimumVisualStudioVersion = 10.0.40219.1
Project("{FAE04EC0-301F-11D3-BF4B-00C04F79EFBC}") = "WebApp", "WebApp\WebApp.csproj", "{93FD854C-1A07-40F8-A0F9-7065478FD2B9}"
EndProject
Global
	GlobalSection(SolutionConfigurationPlatforms) = preSolution
		Debug|Any CPU = Debug|Any CPU
		Release|Any CPU = Release|Any CPU
	EndGlobalSection
	GlobalSection(ProjectConfigurationPlatforms) = postSolution
		{93FD854C-1A07-40F8-A0F9-7065478FD2B9}.Debug|Any CPU.ActiveCfg = Debug|Any CPU
		{93FD854C-1A07-40F8-A0F9-7065478FD2B9}.Debug|Any CPU.Build.0 = Debug|Any CPU
		{93FD854C-1A07-40F8-A0F9-7065478FD2B9}.Release|Any CPU.ActiveCfg = Release|Any CPU
		{93FD854C-1A07-40F8-A0F9-7065478FD2B9}.Release|Any CPU.Build.0 = Release|Any CPU
	EndGlobalSection
	GlobalSection(SolutionProperties) = preSolution
		HideSolutionNode = FALSE
	EndGlobalSection
	GlobalSection(ExtensibilityGlobals) = postSolution
		SolutionGuid = {3342F0DB-B392-480F-8F6E-0A4FF82CD8FB}
	EndGlobalSection
EndGlobal
